
Microsoft Visual Studio Solution File, Format Version 12.00
# Visual Studio Version 17
VisualStudioVersion = 17.1.32407.343
MinimumVisualStudioVersion = 10.0.40219.1
Project("{FAE04EC0-301F-11D3-BF4B-00C04F79EFBC}") = "CE06.Android", "CE06.Android\CE06.Android.csproj", "{2569784F-93F5-465E-9138-E538FE5618A1}"
EndProject
Project("{FAE04EC0-301F-11D3-BF4B-00C04F79EFBC}") = "CE06", "CE06\CE06.csproj", "{91700B99-F988-4B1A-995D-4B70961DC839}"
EndProject
Global
	GlobalSection(SolutionConfigurationPlatforms) = preSolution
		Debug|Any CPU = Debug|Any CPU
		Release|Any CPU = Release|Any CPU
	EndGlobalSection
	GlobalSection(ProjectConfigurationPlatforms) = postSolution
		{2569784F-93F5-465E-9138-E538FE5618A1}.Debug|Any CPU.ActiveCfg = Debug|Any CPU
		{2569784F-93F5-465E-9138-E538FE5618A1}.Debug|Any CPU.Build.0 = Debug|Any CPU
		{2569784F-93F5-465E-9138-E538FE5618A1}.Debug|Any CPU.Deploy.0 = Debug|Any CPU
		{2569784F-93F5-465E-9138-E538FE5618A1}.Release|Any CPU.ActiveCfg = Release|Any CPU
		{2569784F-93F5-465E-9138-E538FE5618A1}.Release|Any CPU.Build.0 = Release|Any CPU
		{2569784F-93F5-465E-9138-E538FE5618A1}.Release|Any CPU.Deploy.0 = Release|Any CPU
		{91700B99-F988-4B1A-995D-4B70961DC839}.Debug|Any CPU.ActiveCfg = Debug|Any CPU
		{91700B99-F988-4B1A-995D-4B70961DC839}.Debug|Any CPU.Build.0 = Debug|Any CPU
		{91700B99-F988-4B1A-995D-4B70961DC839}.Debug|Any CPU.Deploy.0 = Debug|Any CPU
		{91700B99-F988-4B1A-995D-4B70961DC839}.Release|Any CPU.ActiveCfg = Release|Any CPU
		{91700B99-F988-4B1A-995D-4B70961DC839}.Release|Any CPU.Build.0 = Release|Any CPU
		{91700B99-F988-4B1A-995D-4B70961DC839}.Release|Any CPU.Deploy.0 = Release|Any CPU
	EndGlobalSection
	GlobalSection(SolutionProperties) = preSolution
		HideSolutionNode = FALSE
	EndGlobalSection
	GlobalSection(ExtensibilityGlobals) = postSolution
		SolutionGuid = {F78F1F48-CD18-4559-AF55-BDA444D1F1E9}
	EndGlobalSection
EndGlobal
