
Microsoft Visual Studio Solution File, Format Version 12.00
# Visual Studio Version 16
VisualStudioVersion = 16.0.32228.343
MinimumVisualStudioVersion = 10.0.40219.1
Project("{FAE04EC0-301F-11D3-BF4B-00C04F79EFBC}") = "MessagingCenter.Android", "MessagingCenter.Android\MessagingCenter.Android.csproj", "{D6763D6F-3491-4A5C-B7F0-F8851E63DB5E}"
EndProject
Project("{FAE04EC0-301F-11D3-BF4B-00C04F79EFBC}") = "MessagingCenter", "MessagingCenter\MessagingCenter.csproj", "{1B932321-B52A-4976-B52F-1498A3640357}"
EndProject
Global
	GlobalSection(SolutionConfigurationPlatforms) = preSolution
		Debug|Any CPU = Debug|Any CPU
		Release|Any CPU = Release|Any CPU
	EndGlobalSection
	GlobalSection(ProjectConfigurationPlatforms) = postSolution
		{D6763D6F-3491-4A5C-B7F0-F8851E63DB5E}.Debug|Any CPU.ActiveCfg = Debug|Any CPU
		{D6763D6F-3491-4A5C-B7F0-F8851E63DB5E}.Debug|Any CPU.Build.0 = Debug|Any CPU
		{D6763D6F-3491-4A5C-B7F0-F8851E63DB5E}.Debug|Any CPU.Deploy.0 = Debug|Any CPU
		{D6763D6F-3491-4A5C-B7F0-F8851E63DB5E}.Release|Any CPU.ActiveCfg = Release|Any CPU
		{D6763D6F-3491-4A5C-B7F0-F8851E63DB5E}.Release|Any CPU.Build.0 = Release|Any CPU
		{D6763D6F-3491-4A5C-B7F0-F8851E63DB5E}.Release|Any CPU.Deploy.0 = Release|Any CPU
		{1B932321-B52A-4976-B52F-1498A3640357}.Debug|Any CPU.ActiveCfg = Debug|Any CPU
		{1B932321-B52A-4976-B52F-1498A3640357}.Debug|Any CPU.Build.0 = Debug|Any CPU
		{1B932321-B52A-4976-B52F-1498A3640357}.Debug|Any CPU.Deploy.0 = Debug|Any CPU
		{1B932321-B52A-4976-B52F-1498A3640357}.Release|Any CPU.ActiveCfg = Release|Any CPU
		{1B932321-B52A-4976-B52F-1498A3640357}.Release|Any CPU.Build.0 = Release|Any CPU
		{1B932321-B52A-4976-B52F-1498A3640357}.Release|Any CPU.Deploy.0 = Release|Any CPU
	EndGlobalSection
	GlobalSection(SolutionProperties) = preSolution
		HideSolutionNode = FALSE
	EndGlobalSection
	GlobalSection(ExtensibilityGlobals) = postSolution
		SolutionGuid = {164F749E-6F92-4AF9-87CC-5EC68C2D6D7D}
	EndGlobalSection
EndGlobal
